github.com/ssenthil416/mystr v0.0.0-20190929230432-24b6aa05ee18 h1:m5cWF/nrzM7L2WmmLzFMiEMTJDwlygCSeD2b/FbnU1M=
github.com/ssenthil416/mystr v0.0.0-20190929230432-24b6aa05ee18/go.mod h1:ermFPt7cX4USwAMKgtz4lOhvf2GuYGur4D7Ez/iQpJE=
github.com/ssenthil416/mystr v0.0.0-20190929232357-1814473167a0 h1:bC2oTrrLOHJ4Dq3jDQoz2SS9jTiuHwY3jC46L/ZjtZc=
github.com/ssenthil416/mystr v0.0.0-20190929232357-1814473167a0/go.mod h1:ermFPt7cX4USwAMKgtz4lOhvf2GuYGur4D7Ez/iQpJE=
